// !$*UTF8*$!
{
	archiveVersion = 1;
	classes = {
	};
	objectVersion = 50;
	objects = {

/* Begin PBXBuildFile section */
		59B28FCC244B4D6900DCCF82 /* AppDelegate.swift in Sources */ = {isa = PBXBuildFile; fileRef = 59B28FCB244B4D6900DCCF82 /* AppDelegate.swift */; };
		59B28FCE244B4D6900DCCF82 /* SceneDelegate.swift in Sources */ = {isa = PBXBuildFile; fileRef = 59B28FCD244B4D6900DCCF82 /* SceneDelegate.swift */; };
		59B28FD3244B4D6900DCCF82 /* Main.storyboard in Resources */ = {isa = PBXBuildFile; fileRef = 59B28FD1244B4D6900DCCF82 /* Main.storyboard */; };
		59B28FD6244B4D6900DCCF82 /* MyMemory.xcdatamodeld in Sources */ = {isa = PBXBuildFile; fileRef = 59B28FD4244B4D6900DCCF82 /* MyMemory.xcdatamodeld */; };
		59B28FD8244B4D6A00DCCF82 /* Assets.xcassets in Resources */ = {isa = PBXBuildFile; fileRef = 59B28FD7244B4D6A00DCCF82 /* Assets.xcassets */; };
		59B28FDB244B4D6A00DCCF82 /* LaunchScreen.storyboard in Resources */ = {isa = PBXBuildFile; fileRef = 59B28FD9244B4D6A00DCCF82 /* LaunchScreen.storyboard */; };
		59B29045244C486A00DCCF82 /* MemoListVC.swift in Sources */ = {isa = PBXBuildFile; fileRef = 59B29044244C486A00DCCF82 /* MemoListVC.swift */; };
		59B29047244C488700DCCF82 /* MemoFormVC.swift in Sources */ = {isa = PBXBuildFile; fileRef = 59B29046244C488700DCCF82 /* MemoFormVC.swift */; };
		59B29049244C489800DCCF82 /* MemoReadVC.swift in Sources */ = {isa = PBXBuildFile; fileRef = 59B29048244C489800DCCF82 /* MemoReadVC.swift */; };
		59B2904B244C491600DCCF82 /* MemoCell.swift in Sources */ = {isa = PBXBuildFile; fileRef = 59B2904A244C491600DCCF82 /* MemoCell.swift */; };
		59B2904D244C493B00DCCF82 /* MemoData.swift in Sources */ = {isa = PBXBuildFile; fileRef = 59B2904C244C493B00DCCF82 /* MemoData.swift */; };
/* End PBXBuildFile section */

/* Begin PBXFileReference section */
		59B28FC8244B4D6900DCCF82 /* 페이퍼-잇.app */ = {isa = PBXFileReference; explicitFileType = wrapper.application; includeInIndex = 0; path = "페이퍼-잇.app"; sourceTree = BUILT_PRODUCTS_DIR; };
		59B28FCB244B4D6900DCCF82 /* AppDelegate.swift */ = {isa = PBXFileReference; lastKnownFileType = sourcecode.swift; path = AppDelegate.swift; sourceTree = "<group>"; };
		59B28FCD244B4D6900DCCF82 /* SceneDelegate.swift */ = {isa = PBXFileReference; lastKnownFileType = sourcecode.swift; path = SceneDelegate.swift; sourceTree = "<group>"; };
		59B28FD2244B4D6900DCCF82 /* Base */ = {isa = PBXFileReference; lastKnownFileType = file.storyboard; name = Base; path = Base.lproj/Main.storyboard; sourceTree = "<group>"; };
		59B28FD5244B4D6900DCCF82 /* MyMemory.xcdatamodel */ = {isa = PBXFileReference; lastKnownFileType = wrapper.xcdatamodel; path = MyMemory.xcdatamodel; sourceTree = "<group>"; };
		59B28FD7244B4D6A00DCCF82 /* Assets.xcassets */ = {isa = PBXFileReference; lastKnownFileType = folder.assetcatalog; path = Assets.xcassets; sourceTree = "<group>"; };
		59B28FDA244B4D6A00DCCF82 /* Base */ = {isa = PBXFileReference; lastKnownFileType = file.storyboard; name = Base; path = Base.lproj/LaunchScreen.storyboard; sourceTree = "<group>"; };
		59B28FDC244B4D6A00DCCF82 /* Info.plist */ = {isa = PBXFileReference; lastKnownFileType = text.plist.xml; path = Info.plist; sourceTree = "<group>"; };
		59B29044244C486A00DCCF82 /* MemoListVC.swift */ = {isa = PBXFileReference; lastKnownFileType = sourcecode.swift; path = MemoListVC.swift; sourceTree = "<group>"; };
		59B29046244C488700DCCF82 /* MemoFormVC.swift */ = {isa = PBXFileReference; lastKnownFileType = sourcecode.swift; path = MemoFormVC.swift; sourceTree = "<group>"; };
		59B29048244C489800DCCF82 /* MemoReadVC.swift */ = {isa = PBXFileReference; lastKnownFileType = sourcecode.swift; path = MemoReadVC.swift; sourceTree = "<group>"; };
		59B2904A244C491600DCCF82 /* MemoCell.swift */ = {isa = PBXFileReference; lastKnownFileType = sourcecode.swift; path = MemoCell.swift; sourceTree = "<group>"; };
		59B2904C244C493B00DCCF82 /* MemoData.swift */ = {isa = PBXFileReference; lastKnownFileType = sourcecode.swift; path = MemoData.swift; sourceTree = "<group>"; };
/* End PBXFileReference section */

/* Begin PBXFrameworksBuildPhase section */
		59B28FC5244B4D6900DCCF82 /* Frameworks */ = {
			isa = PBXFrameworksBuildPhase;
			buildActionMask = 2147483647;
			files = (
			);
			runOnlyForDeploymentPostprocessing = 0;
		};
/* End PBXFrameworksBuildPhase section */

/* Begin PBXGroup section */
		59B28FBF244B4D6900DCCF82 = {
			isa = PBXGroup;
			children = (
				59B28FCA244B4D6900DCCF82 /* MyMemory */,
				59B28FC9244B4D6900DCCF82 /* Products */,
			);
			sourceTree = "<group>";
		};
		59B28FC9244B4D6900DCCF82 /* Products */ = {
			isa = PBXGroup;
			children = (
				59B28FC8244B4D6900DCCF82 /* 페이퍼-잇.app */,
			);
			name = Products;
			sourceTree = "<group>";
		};
		59B28FCA244B4D6900DCCF82 /* MyMemory */ = {
			isa = PBXGroup;
			children = (
				59B28FCB244B4D6900DCCF82 /* AppDelegate.swift */,
				59B28FCD244B4D6900DCCF82 /* SceneDelegate.swift */,
				59B28FD1244B4D6900DCCF82 /* Main.storyboard */,
				59B28FD7244B4D6A00DCCF82 /* Assets.xcassets */,
				59B28FD9244B4D6A00DCCF82 /* LaunchScreen.storyboard */,
				59B28FDC244B4D6A00DCCF82 /* Info.plist */,
				59B28FD4244B4D6900DCCF82 /* MyMemory.xcdatamodeld */,
				59B29044244C486A00DCCF82 /* MemoListVC.swift */,
				59B2904A244C491600DCCF82 /* MemoCell.swift */,
				59B29046244C488700DCCF82 /* MemoFormVC.swift */,
				59B2904C244C493B00DCCF82 /* MemoData.swift */,
				59B29048244C489800DCCF82 /* MemoReadVC.swift */,
			);
			path = MyMemory;
			sourceTree = "<group>";
		};
/* End PBXGroup section */

/* Begin PBXNativeTarget section */
		59B28FC7244B4D6900DCCF82 /* MyMemory */ = {
			isa = PBXNativeTarget;
			buildConfigurationList = 59B28FDF244B4D6A00DCCF82 /* Build configuration list for PBXNativeTarget "MyMemory" */;
			buildPhases = (
				59B28FC4244B4D6900DCCF82 /* Sources */,
				59B28FC5244B4D6900DCCF82 /* Frameworks */,
				59B28FC6244B4D6900DCCF82 /* Resources */,
			);
			buildRules = (
			);
			dependencies = (
			);
			name = MyMemory;
			productName = MyMemory;
			productReference = 59B28FC8244B4D6900DCCF82 /* 페이퍼-잇.app */;
			productType = "com.apple.product-type.application";
		};
/* End PBXNativeTarget section */

/* Begin PBXProject section */
		59B28FC0244B4D6900DCCF82 /* Project object */ = {
			isa = PBXProject;
			attributes = {
				LastSwiftUpdateCheck = 1140;
				LastUpgradeCheck = 1140;
				ORGANIZATIONNAME = "꼼꼼한재은님";
				TargetAttributes = {
					59B28FC7244B4D6900DCCF82 = {
						CreatedOnToolsVersion = 11.4;
					};
				};
			};
			buildConfigurationList = 59B28FC3244B4D6900DCCF82 /* Build configuration list for PBXProject "MyMemory" */;
			compatibilityVersion = "Xcode 9.3";
			developmentRegion = en;
			hasScannedForEncodings = 0;
			knownRegions = (
				en,
				Base,
			);
			mainGroup = 59B28FBF244B4D6900DCCF82;
			productRefGroup = 59B28FC9244B4D6900DCCF82 /* Products */;
			projectDirPath = "";
			projectRoot = "";
			targets = (
				59B28FC7244B4D6900DCCF82 /* MyMemory */,
			);
		};
/* End PBXProject section */

/* Begin PBXResourcesBuildPhase section */
		59B28FC6244B4D6900DCCF82 /* Resources */ = {
			isa = PBXResourcesBuildPhase;
			buildActionMask = 2147483647;
			files = (
				59B28FDB244B4D6A00DCCF82 /* LaunchScreen.storyboard in Resources */,
				59B28FD8244B4D6A00DCCF82 /* Assets.xcassets in Resources */,
				59B28FD3244B4D6900DCCF82 /* Main.storyboard in Resources */,
			);
			runOnlyForDeploymentPostprocessing = 0;
		};
/* End PBXResourcesBuildPhase section */

/* Begin PBXSourcesBuildPhase section */
		59B28FC4244B4D6900DCCF82 /* Sources */ = {
			isa = PBXSourcesBuildPhase;
			buildActionMask = 2147483647;
			files = (
				59B2904B244C491600DCCF82 /* MemoCell.swift in Sources */,
				59B2904D244C493B00DCCF82 /* MemoData.swift in Sources */,
				59B28FD6244B4D6900DCCF82 /* MyMemory.xcdatamodeld in Sources */,
				59B29047244C488700DCCF82 /* MemoFormVC.swift in Sources */,
				59B29049244C489800DCCF82 /* MemoReadVC.swift in Sources */,
				59B28FCC244B4D6900DCCF82 /* AppDelegate.swift in Sources */,
				59B29045244C486A00DCCF82 /* MemoListVC.swift in Sources */,
				59B28FCE244B4D6900DCCF82 /* SceneDelegate.swift in Sources */,
			);
			runOnlyForDeploymentPostprocessing = 0;
		};
/* End PBXSourcesBuildPhase section */

/* Begin PBXVariantGroup section */
		59B28FD1244B4D6900DCCF82 /* Main.storyboard */ = {
			isa = PBXVariantGroup;
			children = (
				59B28FD2244B4D6900DCCF82 /* Base */,
			);
			name = Main.storyboard;
			sourceTree = "<group>";
		};
		59B28FD9244B4D6A00DCCF82 /* LaunchScreen.storyboard */ = {
			isa = PBXVariantGroup;
			children = (
				59B28FDA244B4D6A00DCCF82 /* Base */,
			);
			name = LaunchScreen.storyboard;
			sourceTree = "<group>";
		};
/* End PBXVariantGroup section */

/* Begin XCBuildConfiguration section */
		59B28FDD244B4D6A00DCCF82 /* Debug */ = {
			isa = XCBuildConfiguration;
			buildSettings = {
				ALWAYS_SEARCH_USER_PATHS = NO;
				CLANG_ANALYZER_NONNULL = YES;
				CLANG_ANALYZER_NUMBER_OBJECT_CONVERSION = YES_AGGRESSIVE;
				CLANG_CXX_LANGUAGE_STANDARD = "gnu++14";
				CLANG_CXX_LIBRARY = "libc++";
				CLANG_ENABLE_MODULES = YES;
				CLANG_ENABLE_OBJC_ARC = YES;
				CLANG_ENABLE_OBJC_WEAK = YES;
				CLANG_WARN_BLOCK_CAPTURE_AUTORELEASING = YES;
				CLANG_WARN_BOOL_CONVERSION = YES;
				CLANG_WARN_COMMA = YES;
				CLANG_WARN_CONSTANT_CONVERSION = YES;
				CLANG_WARN_DEPRECATED_OBJC_IMPLEMENTATIONS = YES;
				CLANG_WARN_DIRECT_OBJC_ISA_USAGE = YES_ERROR;
				CLANG_WARN_DOCUMENTATION_COMMENTS = YES;
				CLANG_WARN_EMPTY_BODY = YES;
				CLANG_WARN_ENUM_CONVERSION = YES;
				CLANG_WARN_INFINITE_RECURSION = YES;
				CLANG_WARN_INT_CONVERSION = YES;
				CLANG_WARN_NON_LITERAL_NULL_CONVERSION = YES;
				CLANG_WARN_OBJC_IMPLICIT_RETAIN_SELF = YES;
				CLANG_WARN_OBJC_LITERAL_CONVERSION = YES;
				CLANG_WARN_OBJC_ROOT_CLASS = YES_ERROR;
				CLANG_WARN_RANGE_LOOP_ANALYSIS = YES;
				CLANG_WARN_STRICT_PROTOTYPES = YES;
				CLANG_WARN_SUSPICIOUS_MOVE = YES;
				CLANG_WARN_UNGUARDED_AVAILABILITY = YES_AGGRESSIVE;
				CLANG_WARN_UNREACHABLE_CODE = YES;
				CLANG_WARN__DUPLICATE_METHOD_MATCH = YES;
				COPY_PHASE_STRIP = NO;
				DEBUG_INFORMATION_FORMAT = dwarf;
				ENABLE_STRICT_OBJC_MSGSEND = YES;
				ENABLE_TESTABILITY = YES;
				GCC_C_LANGUAGE_STANDARD = gnu11;
				GCC_DYNAMIC_NO_PIC = NO;
				GCC_NO_COMMON_BLOCKS = YES;
				GCC_OPTIMIZATION_LEVEL = 0;
				GCC_PREPROCESSOR_DEFINITIONS = (
					"DEBUG=1",
					"$(inherited)",
				);
				GCC_WARN_64_TO_32_BIT_CONVERSION = YES;
				GCC_WARN_ABOUT_RETURN_TYPE = YES_ERROR;
				GCC_WARN_UNDECLARED_SELECTOR = YES;
				GCC_WARN_UNINITIALIZED_AUTOS = YES_AGGRESSIVE;
				GCC_WARN_UNUSED_FUNCTION = YES;
				GCC_WARN_UNUSED_VARIABLE = YES;
				IPHONEOS_DEPLOYMENT_TARGET = 13.2;
				MTL_ENABLE_DEBUG_INFO = INCLUDE_SOURCE;
				MTL_FAST_MATH = YES;
				ONLY_ACTIVE_ARCH = YES;
				SDKROOT = iphoneos;
				SWIFT_ACTIVE_COMPILATION_CONDITIONS = DEBUG;
				SWIFT_OPTIMIZATION_LEVEL = "-Onone";
			};
			name = Debug;
		};
		59B28FDE244B4D6A00DCCF82 /* Release */ = {
			isa = XCBuildConfiguration;
			buildSettings = {
				ALWAYS_SEARCH_USER_PATHS = NO;
				CLANG_ANALYZER_NONNULL = YES;
				CLANG_ANALYZER_NUMBER_OBJECT_CONVERSION = YES_AGGRESSIVE;
				CLANG_CXX_LANGUAGE_STANDARD = "gnu++14";
				CLANG_CXX_LIBRARY = "libc++";
				CLANG_ENABLE_MODULES = YES;
				CLANG_ENABLE_OBJC_ARC = YES;
				CLANG_ENABLE_OBJC_WEAK = YES;
				CLANG_WARN_BLOCK_CAPTURE_AUTORELEASING = YES;
				CLANG_WARN_BOOL_CONVERSION = YES;
				CLANG_WARN_COMMA = YES;
				CLANG_WARN_CONSTANT_CONVERSION = YES;
				CLANG_WARN_DEPRECATED_OBJC_IMPLEMENTATIONS = YES;
				CLANG_WARN_DIRECT_OBJC_ISA_USAGE = YES_ERROR;
				CLANG_WARN_DOCUMENTATION_COMMENTS = YES;
				CLANG_WARN_EMPTY_BODY = YES;
				CLANG_WARN_ENUM_CONVERSION = YES;
				CLANG_WARN_INFINITE_RECURSION = YES;
				CLANG_WARN_INT_CONVERSION = YES;
				CLANG_WARN_NON_LITERAL_NULL_CONVERSION = YES;
				CLANG_WARN_OBJC_IMPLICIT_RETAIN_SELF = YES;
				CLANG_WARN_OBJC_LITERAL_CONVERSION = YES;
				CLANG_WARN_OBJC_ROOT_CLASS = YES_ERROR;
				CLANG_WARN_RANGE_LOOP_ANALYSIS = YES;
				CLANG_WARN_STRICT_PROTOTYPES = YES;
				CLANG_WARN_SUSPICIOUS_MOVE = YES;
				CLANG_WARN_UNGUARDED_AVAILABILITY = YES_AGGRESSIVE;
				CLANG_WARN_UNREACHABLE_CODE = YES;
				CLANG_WARN__DUPLICATE_METHOD_MATCH = YES;
				COPY_PHASE_STRIP = NO;
				DEBUG_INFORMATION_FORMAT = "dwarf-with-dsym";
				ENABLE_NS_ASSERTIONS = NO;
				ENABLE_STRICT_OBJC_MSGSEND = YES;
				GCC_C_LANGUAGE_STANDARD = gnu11;
				GCC_NO_COMMON_BLOCKS = YES;
				GCC_WARN_64_TO_32_BIT_CONVERSION = YES;
				GCC_WARN_ABOUT_RETURN_TYPE = YES_ERROR;
				GCC_WARN_UNDECLARED_SELECTOR = YES;
				GCC_WARN_UNINITIALIZED_AUTOS = YES_AGGRESSIVE;
				GCC_WARN_UNUSED_FUNCTION = YES;
				GCC_WARN_UNUSED_VARIABLE = YES;
				IPHONEOS_DEPLOYMENT_TARGET = 13.2;
				MTL_ENABLE_DEBUG_INFO = NO;
				MTL_FAST_MATH = YES;
				SDKROOT = iphoneos;
				SWIFT_COMPILATION_MODE = wholemodule;
				SWIFT_OPTIMIZATION_LEVEL = "-O";
				VALIDATE_PRODUCT = YES;
			};
			name = Release;
		};
		59B28FE0244B4D6A00DCCF82 /* Debug */ = {
			isa = XCBuildConfiguration;
			buildSettings = {
				ASSETCATALOG_COMPILER_APPICON_NAME = AppIcon;
				CODE_SIGN_STYLE = Automatic;
				DEVELOPMENT_TEAM = H85PJZRAHD;
				INFOPLIST_FILE = MyMemory/Info.plist;
				IPHONEOS_DEPLOYMENT_TARGET = 13.3;
				LD_RUNPATH_SEARCH_PATHS = (
					"$(inherited)",
					"@executable_path/Frameworks",
				);
				PRODUCT_BUNDLE_IDENTIFIER = com.rubypaper.MyMemory;
				PRODUCT_NAME = "페이퍼-잇";
				SWIFT_VERSION = 5.0;
				TARGETED_DEVICE_FAMILY = 1;
			};
			name = Debug;
		};
		59B28FE1244B4D6A00DCCF82 /* Release */ = {
			isa = XCBuildConfiguration;
			buildSettings = {
				ASSETCATALOG_COMPILER_APPICON_NAME = AppIcon;
				CODE_SIGN_STYLE = Automatic;
				DEVELOPMENT_TEAM = H85PJZRAHD;
				INFOPLIST_FILE = MyMemory/Info.plist;
				IPHONEOS_DEPLOYMENT_TARGET = 13.3;
				LD_RUNPATH_SEARCH_PATHS = (
					"$(inherited)",
					"@executable_path/Frameworks",
				);
				PRODUCT_BUNDLE_IDENTIFIER = com.rubypaper.MyMemory;
				PRODUCT_NAME = "페이퍼-잇";
				SWIFT_VERSION = 5.0;
				TARGETED_DEVICE_FAMILY = 1;
			};
			name = Release;
		};
/* End XCBuildConfiguration section */

/* Begin XCConfigurationList section */
		59B28FC3244B4D6900DCCF82 /* Build configuration list for PBXProject "MyMemory" */ = {
			isa = XCConfigurationList;
			buildConfigurations = (
				59B28FDD244B4D6A00DCCF82 /* Debug */,
				59B28FDE244B4D6A00DCCF82 /* Release */,
			);
			defaultConfigurationIsVisible = 0;
			defaultConfigurationName = Release;
		};
		59B28FDF244B4D6A00DCCF82 /* Build configuration list for PBXNativeTarget "MyMemory" */ = {
			isa = XCConfigurationList;
			buildConfigurations = (
				59B28FE0244B4D6A00DCCF82 /* Debug */,
				59B28FE1244B4D6A00DCCF82 /* Release */,
			);
			defaultConfigurationIsVisible = 0;
			defaultConfigurationName = Release;
		};
/* End XCConfigurationList section */

/* Begin XCVersionGroup section */
		59B28FD4244B4D6900DCCF82 /* MyMemory.xcdatamodeld */ = {
			isa = XCVersionGroup;
			children = (
				59B28FD5244B4D6900DCCF82 /* MyMemory.xcdatamodel */,
			);
			currentVersion = 59B28FD5244B4D6900DCCF82 /* MyMemory.xcdatamodel */;
			path = MyMemory.xcdatamodeld;
			sourceTree = "<group>";
			versionGroupType = wrapper.xcdatamodel;
		};
/* End XCVersionGroup section */
	};
	rootObject = 59B28FC0244B4D6900DCCF82 /* Project object */;
}
